
Microsoft Visual Studio Solution File, Format Version 12.00
# Visual Studio Version 17
VisualStudioVersion = 17.3.32825.248
MinimumVisualStudioVersion = 10.0.40219.1
Project("{FAE04EC0-301F-11D3-BF4B-00C04F79EFBC}") = "Question 4", "Question 4\Question 4.csproj", "{58826830-EAD6-42E4-B1C4-103FB1B99D7C}"
EndProject
Global
	GlobalSection(SolutionConfigurationPlatforms) = preSolution
		Debug|Any CPU = Debug|Any CPU
		Release|Any CPU = Release|Any CPU
	EndGlobalSection
	GlobalSection(ProjectConfigurationPlatforms) = postSolution
		{58826830-EAD6-42E4-B1C4-103FB1B99D7C}.Debug|Any CPU.ActiveCfg = Debug|Any CPU
		{58826830-EAD6-42E4-B1C4-103FB1B99D7C}.Debug|Any CPU.Build.0 = Debug|Any CPU
		{58826830-EAD6-42E4-B1C4-103FB1B99D7C}.Release|Any CPU.ActiveCfg = Release|Any CPU
		{58826830-EAD6-42E4-B1C4-103FB1B99D7C}.Release|Any CPU.Build.0 = Release|Any CPU
	EndGlobalSection
	GlobalSection(SolutionProperties) = preSolution
		HideSolutionNode = FALSE
	EndGlobalSection
	GlobalSection(ExtensibilityGlobals) = postSolution
		SolutionGuid = {99477914-6365-49C4-9825-4330A6F1BF11}
	EndGlobalSection
EndGlobal
